
Microsoft Visual Studio Solution File, Format Version 12.00
# Visual Studio Version 16
VisualStudioVersion = 16.0.28803.202
MinimumVisualStudioVersion = 10.0.40219.1
Project("{9A19103F-16F7-4668-BE54-9A1E7A4F7556}") = "Academico.Common", "Academico.Common\Academico.Common.csproj", "{453E4DA8-8E69-426C-9BE8-89332B951F42}"
EndProject
Project("{2150E333-8FDC-42A3-9474-1A3956D46DE8}") = "Backend", "Backend", "{1053F88E-99D1-4575-AEAA-307B1E4CF421}"
EndProject
Project("{2150E333-8FDC-42A3-9474-1A3956D46DE8}") = "Frontend", "Frontend", "{71370BF2-16DB-4BE5-922A-C1D7E457CBDB}"
EndProject
Project("{9A19103F-16F7-4668-BE54-9A1E7A4F7556}") = "Academico.Web", "Academico.Web\Academico.Web.csproj", "{511CB94F-539B-43CC-8E5A-D6465264C94E}"
EndProject
Project("{2150E333-8FDC-42A3-9474-1A3956D46DE8}") = "Forms", "Forms", "{E923CCC7-347D-4E1D-BCC0-FB0491AF2B5F}"
EndProject
Project("{2150E333-8FDC-42A3-9474-1A3956D46DE8}") = "Classic", "Classic", "{1FE15329-8F1B-4AA0-9DCC-C1DC991DF466}"
EndProject
Project("{FAE04EC0-301F-11D3-BF4B-00C04F79EFBC}") = "Academico.UIForms.Android", "Academico.UIForms\Academico.UIForms.Android\Academico.UIForms.Android.csproj", "{84D89D20-8C68-4C31-A350-60C1FF444C7E}"
EndProject
Project("{FAE04EC0-301F-11D3-BF4B-00C04F79EFBC}") = "Academico.UIForms.iOS", "Academico.UIForms\Academico.UIForms.iOS\Academico.UIForms.iOS.csproj", "{A5B88AEC-8DB5-40A8-A4D9-C8C9F080E2C7}"
EndProject
Project("{9A19103F-16F7-4668-BE54-9A1E7A4F7556}") = "Academico.UIForms", "Academico.UIForms\Academico.UIForms\Academico.UIForms.csproj", "{1870ADCB-849E-495E-A96F-7B8E5A48E984}"
EndProject
Project("{FAE04EC0-301F-11D3-BF4B-00C04F79EFBC}") = "Academico.UIClassic.Android", "Academico.UIClassic.Android\Academico.UIClassic.Android.csproj", "{4D2109F0-8630-4E54-8B57-95C4BBDB57DA}"
EndProject
Project("{FAE04EC0-301F-11D3-BF4B-00C04F79EFBC}") = "Academico.UIClassic.iOS", "Academico.UIClassic.iOS\Academico.UIClassic.iOS.csproj", "{78722D3F-B561-4CAB-9201-E04260AF90A0}"
EndProject
Global
	GlobalSection(SolutionConfigurationPlatforms) = preSolution
		Debug|Any CPU = Debug|Any CPU
		Debug|iPhone = Debug|iPhone
		Debug|iPhoneSimulator = Debug|iPhoneSimulator
		Release|Any CPU = Release|Any CPU
		Release|iPhone = Release|iPhone
		Release|iPhoneSimulator = Release|iPhoneSimulator
	EndGlobalSection
	GlobalSection(ProjectConfigurationPlatforms) = postSolution
		{453E4DA8-8E69-426C-9BE8-89332B951F42}.Debug|Any CPU.ActiveCfg = Debug|Any CPU
		{453E4DA8-8E69-426C-9BE8-89332B951F42}.Debug|Any CPU.Build.0 = Debug|Any CPU
		{453E4DA8-8E69-426C-9BE8-89332B951F42}.Debug|iPhone.ActiveCfg = Debug|Any CPU
		{453E4DA8-8E69-426C-9BE8-89332B951F42}.Debug|iPhone.Build.0 = Debug|Any CPU
		{453E4DA8-8E69-426C-9BE8-89332B951F42}.Debug|iPhoneSimulator.ActiveCfg = Debug|Any CPU
		{453E4DA8-8E69-426C-9BE8-89332B951F42}.Debug|iPhoneSimulator.Build.0 = Debug|Any CPU
		{453E4DA8-8E69-426C-9BE8-89332B951F42}.Release|Any CPU.ActiveCfg = Release|Any CPU
		{453E4DA8-8E69-426C-9BE8-89332B951F42}.Release|Any CPU.Build.0 = Release|Any CPU
		{453E4DA8-8E69-426C-9BE8-89332B951F42}.Release|iPhone.ActiveCfg = Release|Any CPU
		{453E4DA8-8E69-426C-9BE8-89332B951F42}.Release|iPhone.Build.0 = Release|Any CPU
		{453E4DA8-8E69-426C-9BE8-89332B951F42}.Release|iPhoneSimulator.ActiveCfg = Release|Any CPU
		{453E4DA8-8E69-426C-9BE8-89332B951F42}.Release|iPhoneSimulator.Build.0 = Release|Any CPU
		{511CB94F-539B-43CC-8E5A-D6465264C94E}.Debug|Any CPU.ActiveCfg = Debug|Any CPU
		{511CB94F-539B-43CC-8E5A-D6465264C94E}.Debug|Any CPU.Build.0 = Debug|Any CPU
		{511CB94F-539B-43CC-8E5A-D6465264C94E}.Debug|iPhone.ActiveCfg = Debug|Any CPU
		{511CB94F-539B-43CC-8E5A-D6465264C94E}.Debug|iPhone.Build.0 = Debug|Any CPU
		{511CB94F-539B-43CC-8E5A-D6465264C94E}.Debug|iPhoneSimulator.ActiveCfg = Debug|Any CPU
		{511CB94F-539B-43CC-8E5A-D6465264C94E}.Debug|iPhoneSimulator.Build.0 = Debug|Any CPU
		{511CB94F-539B-43CC-8E5A-D6465264C94E}.Release|Any CPU.ActiveCfg = Release|Any CPU
		{511CB94F-539B-43CC-8E5A-D6465264C94E}.Release|Any CPU.Build.0 = Release|Any CPU
		{511CB94F-539B-43CC-8E5A-D6465264C94E}.Release|iPhone.ActiveCfg = Release|Any CPU
		{511CB94F-539B-43CC-8E5A-D6465264C94E}.Release|iPhone.Build.0 = Release|Any CPU
		{511CB94F-539B-43CC-8E5A-D6465264C94E}.Release|iPhoneSimulator.ActiveCfg = Release|Any CPU
		{511CB94F-539B-43CC-8E5A-D6465264C94E}.Release|iPhoneSimulator.Build.0 = Release|Any CPU
		{84D89D20-8C68-4C31-A350-60C1FF444C7E}.Debug|Any CPU.ActiveCfg = Debug|Any CPU
		{84D89D20-8C68-4C31-A350-60C1FF444C7E}.Debug|Any CPU.Build.0 = Debug|Any CPU
		{84D89D20-8C68-4C31-A350-60C1FF444C7E}.Debug|Any CPU.Deploy.0 = Debug|Any CPU
		{84D89D20-8C68-4C31-A350-60C1FF444C7E}.Debug|iPhone.ActiveCfg = Debug|Any CPU
		{84D89D20-8C68-4C31-A350-60C1FF444C7E}.Debug|iPhone.Build.0 = Debug|Any CPU
		{84D89D20-8C68-4C31-A350-60C1FF444C7E}.Debug|iPhone.Deploy.0 = Debug|Any CPU
		{84D89D20-8C68-4C31-A350-60C1FF444C7E}.Debug|iPhoneSimulator.ActiveCfg = Debug|Any CPU
		{84D89D20-8C68-4C31-A350-60C1FF444C7E}.Debug|iPhoneSimulator.Build.0 = Debug|Any CPU
		{84D89D20-8C68-4C31-A350-60C1FF444C7E}.Debug|iPhoneSimulator.Deploy.0 = Debug|Any CPU
		{84D89D20-8C68-4C31-A350-60C1FF444C7E}.Release|Any CPU.ActiveCfg = Release|Any CPU
		{84D89D20-8C68-4C31-A350-60C1FF444C7E}.Release|Any CPU.Build.0 = Release|Any CPU
		{84D89D20-8C68-4C31-A350-60C1FF444C7E}.Release|Any CPU.Deploy.0 = Release|Any CPU
		{84D89D20-8C68-4C31-A350-60C1FF444C7E}.Release|iPhone.ActiveCfg = Release|Any CPU
		{84D89D20-8C68-4C31-A350-60C1FF444C7E}.Release|iPhone.Build.0 = Release|Any CPU
		{84D89D20-8C68-4C31-A350-60C1FF444C7E}.Release|iPhone.Deploy.0 = Release|Any CPU
		{84D89D20-8C68-4C31-A350-60C1FF444C7E}.Release|iPhoneSimulator.ActiveCfg = Release|Any CPU
		{84D89D20-8C68-4C31-A350-60C1FF444C7E}.Release|iPhoneSimulator.Build.0 = Release|Any CPU
		{84D89D20-8C68-4C31-A350-60C1FF444C7E}.Release|iPhoneSimulator.Deploy.0 = Release|Any CPU
		{A5B88AEC-8DB5-40A8-A4D9-C8C9F080E2C7}.Debug|Any CPU.ActiveCfg = Debug|iPhone
		{A5B88AEC-8DB5-40A8-A4D9-C8C9F080E2C7}.Debug|iPhone.ActiveCfg = Debug|iPhone
		{A5B88AEC-8DB5-40A8-A4D9-C8C9F080E2C7}.Debug|iPhone.Build.0 = Debug|iPhone
		{A5B88AEC-8DB5-40A8-A4D9-C8C9F080E2C7}.Debug|iPhoneSimulator.ActiveCfg = Debug|iPhoneSimulator
		{A5B88AEC-8DB5-40A8-A4D9-C8C9F080E2C7}.Debug|iPhoneSimulator.Build.0 = Debug|iPhoneSimulator
		{A5B88AEC-8DB5-40A8-A4D9-C8C9F080E2C7}.Release|Any CPU.ActiveCfg = Release|iPhone
		{A5B88AEC-8DB5-40A8-A4D9-C8C9F080E2C7}.Release|iPhone.ActiveCfg = Release|iPhone
		{A5B88AEC-8DB5-40A8-A4D9-C8C9F080E2C7}.Release|iPhone.Build.0 = Release|iPhone
		{A5B88AEC-8DB5-40A8-A4D9-C8C9F080E2C7}.Release|iPhoneSimulator.ActiveCfg = Release|iPhoneSimulator
		{A5B88AEC-8DB5-40A8-A4D9-C8C9F080E2C7}.Release|iPhoneSimulator.Build.0 = Release|iPhoneSimulator
		{1870ADCB-849E-495E-A96F-7B8E5A48E984}.Debug|Any CPU.ActiveCfg = Debug|Any CPU
		{1870ADCB-849E-495E-A96F-7B8E5A48E984}.Debug|Any CPU.Build.0 = Debug|Any CPU
		{1870ADCB-849E-495E-A96F-7B8E5A48E984}.Debug|iPhone.ActiveCfg = Debug|Any CPU
		{1870ADCB-849E-495E-A96F-7B8E5A48E984}.Debug|iPhone.Build.0 = Debug|Any CPU
		{1870ADCB-849E-495E-A96F-7B8E5A48E984}.Debug|iPhoneSimulator.ActiveCfg = Debug|Any CPU
		{1870ADCB-849E-495E-A96F-7B8E5A48E984}.Debug|iPhoneSimulator.Build.0 = Debug|Any CPU
		{1870ADCB-849E-495E-A96F-7B8E5A48E984}.Release|Any CPU.ActiveCfg = Release|Any CPU
		{1870ADCB-849E-495E-A96F-7B8E5A48E984}.Release|Any CPU.Build.0 = Release|Any CPU
		{1870ADCB-849E-495E-A96F-7B8E5A48E984}.Release|iPhone.ActiveCfg = Release|Any CPU
		{1870ADCB-849E-495E-A96F-7B8E5A48E984}.Release|iPhone.Build.0 = Release|Any CPU
		{1870ADCB-849E-495E-A96F-7B8E5A48E984}.Release|iPhoneSimulator.ActiveCfg = Release|Any CPU
		{1870ADCB-849E-495E-A96F-7B8E5A48E984}.Release|iPhoneSimulator.Build.0 = Release|Any CPU
		{4D2109F0-8630-4E54-8B57-95C4BBDB57DA}.Debug|Any CPU.ActiveCfg = Debug|Any CPU
		{4D2109F0-8630-4E54-8B57-95C4BBDB57DA}.Debug|Any CPU.Build.0 = Debug|Any CPU
		{4D2109F0-8630-4E54-8B57-95C4BBDB57DA}.Debug|Any CPU.Deploy.0 = Debug|Any CPU
		{4D2109F0-8630-4E54-8B57-95C4BBDB57DA}.Debug|iPhone.ActiveCfg = Debug|Any CPU
		{4D2109F0-8630-4E54-8B57-95C4BBDB57DA}.Debug|iPhone.Build.0 = Debug|Any CPU
		{4D2109F0-8630-4E54-8B57-95C4BBDB57DA}.Debug|iPhone.Deploy.0 = Debug|Any CPU
		{4D2109F0-8630-4E54-8B57-95C4BBDB57DA}.Debug|iPhoneSimulator.ActiveCfg = Debug|Any CPU
		{4D2109F0-8630-4E54-8B57-95C4BBDB57DA}.Debug|iPhoneSimulator.Build.0 = Debug|Any CPU
		{4D2109F0-8630-4E54-8B57-95C4BBDB57DA}.Debug|iPhoneSimulator.Deploy.0 = Debug|Any CPU
		{4D2109F0-8630-4E54-8B57-95C4BBDB57DA}.Release|Any CPU.ActiveCfg = Release|Any CPU
		{4D2109F0-8630-4E54-8B57-95C4BBDB57DA}.Release|Any CPU.Build.0 = Release|Any CPU
		{4D2109F0-8630-4E54-8B57-95C4BBDB57DA}.Release|Any CPU.Deploy.0 = Release|Any CPU
		{4D2109F0-8630-4E54-8B57-95C4BBDB57DA}.Release|iPhone.ActiveCfg = Release|Any CPU
		{4D2109F0-8630-4E54-8B57-95C4BBDB57DA}.Release|iPhone.Build.0 = Release|Any CPU
		{4D2109F0-8630-4E54-8B57-95C4BBDB57DA}.Release|iPhone.Deploy.0 = Release|Any CPU
		{4D2109F0-8630-4E54-8B57-95C4BBDB57DA}.Release|iPhoneSimulator.ActiveCfg = Release|Any CPU
		{4D2109F0-8630-4E54-8B57-95C4BBDB57DA}.Release|iPhoneSimulator.Build.0 = Release|Any CPU
		{4D2109F0-8630-4E54-8B57-95C4BBDB57DA}.Release|iPhoneSimulator.Deploy.0 = Release|Any CPU
		{78722D3F-B561-4CAB-9201-E04260AF90A0}.Debug|Any CPU.ActiveCfg = Debug|iPhone
		{78722D3F-B561-4CAB-9201-E04260AF90A0}.Debug|iPhone.ActiveCfg = Debug|iPhone
		{78722D3F-B561-4CAB-9201-E04260AF90A0}.Debug|iPhone.Build.0 = Debug|iPhone
		{78722D3F-B561-4CAB-9201-E04260AF90A0}.Debug|iPhoneSimulator.ActiveCfg = Debug|iPhoneSimulator
		{78722D3F-B561-4CAB-9201-E04260AF90A0}.Debug|iPhoneSimulator.Build.0 = Debug|iPhoneSimulator
		{78722D3F-B561-4CAB-9201-E04260AF90A0}.Release|Any CPU.ActiveCfg = Release|iPhone
		{78722D3F-B561-4CAB-9201-E04260AF90A0}.Release|iPhone.ActiveCfg = Release|iPhone
		{78722D3F-B561-4CAB-9201-E04260AF90A0}.Release|iPhone.Build.0 = Release|iPhone
		{78722D3F-B561-4CAB-9201-E04260AF90A0}.Release|iPhoneSimulator.ActiveCfg = Release|iPhoneSimulator
		{78722D3F-B561-4CAB-9201-E04260AF90A0}.Release|iPhoneSimulator.Build.0 = Release|iPhoneSimulator
	EndGlobalSection
	GlobalSection(SolutionProperties) = preSolution
		HideSolutionNode = FALSE
	EndGlobalSection
	GlobalSection(NestedProjects) = preSolution
		{511CB94F-539B-43CC-8E5A-D6465264C94E} = {1053F88E-99D1-4575-AEAA-307B1E4CF421}
		{E923CCC7-347D-4E1D-BCC0-FB0491AF2B5F} = {71370BF2-16DB-4BE5-922A-C1D7E457CBDB}
		{1FE15329-8F1B-4AA0-9DCC-C1DC991DF466} = {71370BF2-16DB-4BE5-922A-C1D7E457CBDB}
		{84D89D20-8C68-4C31-A350-60C1FF444C7E} = {E923CCC7-347D-4E1D-BCC0-FB0491AF2B5F}
		{A5B88AEC-8DB5-40A8-A4D9-C8C9F080E2C7} = {E923CCC7-347D-4E1D-BCC0-FB0491AF2B5F}
		{1870ADCB-849E-495E-A96F-7B8E5A48E984} = {E923CCC7-347D-4E1D-BCC0-FB0491AF2B5F}
		{4D2109F0-8630-4E54-8B57-95C4BBDB57DA} = {1FE15329-8F1B-4AA0-9DCC-C1DC991DF466}
		{78722D3F-B561-4CAB-9201-E04260AF90A0} = {1FE15329-8F1B-4AA0-9DCC-C1DC991DF466}
	EndGlobalSection
	GlobalSection(ExtensibilityGlobals) = postSolution
		SolutionGuid = {A9A80886-D307-4741-847E-1E3736E721B8}
	EndGlobalSection
EndGlobal
